{
  "version": "2",
  "remote": {
    "https://deno.land/std@0.152.0/fmt/colors.ts": "6f9340b7fb8cc25a993a99e5efc56fe81bb5af284ff412129dd06df06f53c0b4",
    "https://deno.land/std@0.152.0/testing/_diff.ts": "029a00560b0d534bc0046f1bce4bd36b3b41ada3f2a3178c85686eb2ff5f1413",
    "https://deno.land/std@0.152.0/testing/_format.ts": "0d8dc79eab15b67cdc532826213bbe05bccfd276ca473a50a3fc7bbfb7260642",
    "https://deno.land/std@0.152.0/testing/asserts.ts": "093735c88f52bbead7f60a1f7a97a2ce4df3c2d5fab00a46956f20b4a5793ccd",
    "https://deno.land/std@0.193.0/testing/_test_suite.ts": "30f018feeb3835f12ab198d8a518f9089b1bcb2e8c838a8b615ab10d5005465c",
    "https://deno.land/std@0.193.0/testing/bdd.ts": "0c760348442712ca3ae6102dbb3aa76b49a95ee08fee86c8a0932de53a00e308",
    "https://esm.sh/*preact-render-to-string@6.1.0": "f1d242bbcf8ba5cee68db9a98ded96592a318eaef49713fc0c339901da7d96e5",
    "https://esm.sh/*preact-render-to-string@6.2.0": "6d0e8935f916adfbaa67eb43d0914517d222449e5293a2d264960876a7f123ce",
    "https://esm.sh/preact@10.15.1": "2b79349676a4942fbcf835c4efa909791c2f0aeca195225bf22bac9866e94b4e",
    "https://esm.sh/preact@10.15.1/jsx-runtime": "2c75711d88680b0cae95d2c34786ac585c48edd44f8262afaa2954a383725a41",
    "https://esm.sh/stable/preact@10.15.1/denonext/jsx-runtime.js": "52806054f5b3477005ab4bdc17de3d219ccc6c130d0cd803c45667b0cac2f6ed",
    "https://esm.sh/stable/preact@10.15.1/denonext/preact.mjs": "30710ac1d5ff3711ae0c04eddbeb706f34f82d97489f61aaf09897bc75d2a628",
    "https://esm.sh/v128/preact-render-to-string@6.1.0/X-ZS8q/denonext/preact-render-to-string.mjs": "8ce71d44f2a197f8fafa24c8d1ac19e0d7fac5a171efae6154f8d754e1ae0ae4",
    "https://esm.sh/v128/preact-render-to-string@6.1.0/X-ZS8q/src/index.d.ts": "b8fafa9f8ae9069eff148da320ed56acd5c3c95112c5e03d4796e15ac76b974c",
    "https://esm.sh/v128/preact-render-to-string@6.2.0/X-ZS8q/denonext/preact-render-to-string.mjs": "835eb2413a25f1142bcb87ea4df7d85bb3dbf48569ec3aa693b80a618cec3706",
    "https://esm.sh/v128/preact-render-to-string@6.2.0/X-ZS8q/src/index.d.ts": "b8fafa9f8ae9069eff148da320ed56acd5c3c95112c5e03d4796e15ac76b974c",
    "https://esm.sh/v128/preact@10.15.1/jsx-runtime/src/index.d.ts": "e153460ed2b3fe2ad8b93696ecd48fbf73cd628b0b0ea6692b71804a3af69dfd",
    "https://esm.sh/v128/preact@10.15.1/src/index.d.ts": "fa83186a4b6caca36d52ca2d49b481c3ca5460988d4a8388d44dadc28987fb27",
    "https://esm.sh/v128/preact@10.15.1/src/jsx.d.ts": "a6e4b7e4af3b959f8cfd41a0f475c547807ebcec8524d9605ab5c6de79f302fa"
  }
}
