{
  "version": "2",
  "remote": {
    "https://esm.sh/preact@10.16.0": "5229650cdac537f87cae81d5001e88d4e7a38cc7e77be978961d2897a733117d",
    "https://esm.sh/preact@10.16.0/jsx-runtime": "9e67b64a5b48299c77d30bffc213735fdcf4b3b5d4ad8ff8d4136f246de5fa34",
    "https://esm.sh/stable/preact@10.16.0/denonext/jsx-runtime.js": "64770c709df77c4b64b79f84a4abf6189fd0c3ea461121870eca0cf2bcca87b0",
    "https://esm.sh/stable/preact@10.16.0/denonext/preact.mjs": "01dc8bdf124926c611c0711081b9c162cf2735cccad7c2bc9914766f633ddb1d",
    "https://esm.sh/v128/preact@10.16.0/jsx-runtime/src/index.d.ts": "e153460ed2b3fe2ad8b93696ecd48fbf73cd628b0b0ea6692b71804a3af69dfd",
    "https://esm.sh/v128/preact@10.16.0/src/index.d.ts": "c79f909cebfc6f5c507c6b8d98e5a6f775c8b23c9c65fd2459244d38f7ae059b",
    "https://esm.sh/v128/preact@10.16.0/src/jsx.d.ts": "fa1cf65643e737e1bfb028304eddc9de9b3f022d1bf2fec8340ccf180b45abfe"
  }
}
