{
  "version": "2",
  "remote": {
    "https://deno.land/std@0.152.0/fmt/colors.ts": "6f9340b7fb8cc25a993a99e5efc56fe81bb5af284ff412129dd06df06f53c0b4",
    "https://deno.land/std@0.152.0/testing/_diff.ts": "029a00560b0d534bc0046f1bce4bd36b3b41ada3f2a3178c85686eb2ff5f1413",
    "https://deno.land/std@0.152.0/testing/_format.ts": "0d8dc79eab15b67cdc532826213bbe05bccfd276ca473a50a3fc7bbfb7260642",
    "https://deno.land/std@0.152.0/testing/asserts.ts": "093735c88f52bbead7f60a1f7a97a2ce4df3c2d5fab00a46956f20b4a5793ccd",
    "https://deno.land/std@0.185.0/_util/asserts.ts": "178dfc49a464aee693a7e285567b3d0b555dc805ff490505a8aae34f9cfb1462",
    "https://deno.land/std@0.185.0/_util/os.ts": "d932f56d41e4f6a6093d56044e29ce637f8dcc43c5a90af43504a889cf1775e3",
    "https://deno.land/std@0.185.0/json/common.ts": "ecd5e87d45b5f0df33238ed8b1746e1444da7f5c86ae53d0f0b04280f41a25bb",
    "https://deno.land/std@0.185.0/jsonc/mod.ts": "b88dce28eb3645667caa856538ae2fe87af51410822544a0b45a4177ef3bd7dd",
    "https://deno.land/std@0.185.0/jsonc/parse.ts": "2910e33bc7c3b243e3b6f3a39ce4d6ca84337b277a8df6f2ad2d9e4adbcddc08",
    "https://deno.land/std@0.185.0/path/_constants.ts": "e49961f6f4f48039c0dfed3c3f93e963ca3d92791c9d478ac5b43183413136e0",
    "https://deno.land/std@0.185.0/path/_interface.ts": "6471159dfbbc357e03882c2266d21ef9afdb1e4aa771b0545e90db58a0ba314b",
    "https://deno.land/std@0.185.0/path/_util.ts": "d7abb1e0dea065f427b89156e28cdeb32b045870acdf865833ba808a73b576d0",
    "https://deno.land/std@0.185.0/path/common.ts": "ee7505ab01fd22de3963b64e46cff31f40de34f9f8de1fff6a1bd2fe79380000",
    "https://deno.land/std@0.185.0/path/glob.ts": "d479e0a695621c94d3fd7fe7abd4f9499caf32a8de13f25073451c6ef420a4e1",
    "https://deno.land/std@0.185.0/path/mod.ts": "bf718f19a4fdd545aee1b06409ca0805bd1b68ecf876605ce632e932fe54510c",
    "https://deno.land/std@0.185.0/path/posix.ts": "8b7c67ac338714b30c816079303d0285dd24af6b284f7ad63da5b27372a2c94d",
    "https://deno.land/std@0.185.0/path/separator.ts": "0fb679739d0d1d7bf45b68dacfb4ec7563597a902edbaf3c59b50d5bcadd93b1",
    "https://deno.land/std@0.185.0/path/win32.ts": "d186344e5583bcbf8b18af416d13d82b35a317116e6460a5a3953508c3de5bba",
    "https://deno.land/std@0.190.0/_util/asserts.ts": "178dfc49a464aee693a7e285567b3d0b555dc805ff490505a8aae34f9cfb1462",
    "https://deno.land/std@0.190.0/_util/os.ts": "d932f56d41e4f6a6093d56044e29ce637f8dcc43c5a90af43504a889cf1775e3",
    "https://deno.land/std@0.190.0/async/abortable.ts": "fd682fa46f3b7b16b4606a5ab52a7ce309434b76f820d3221bdfb862719a15d7",
    "https://deno.land/std@0.190.0/async/deadline.ts": "58f72a3cc0fcb731b2cc055ba046f4b5be3349ff6bf98f2e793c3b969354aab2",
    "https://deno.land/std@0.190.0/async/debounce.ts": "adab11d04ca38d699444ac8a9d9856b4155e8dda2afd07ce78276c01ea5a4332",
    "https://deno.land/std@0.190.0/async/deferred.ts": "42790112f36a75a57db4a96d33974a936deb7b04d25c6084a9fa8a49f135def8",
    "https://deno.land/std@0.190.0/async/delay.ts": "73aa04cec034c84fc748c7be49bb15cac3dd43a57174bfdb7a4aec22c248f0dd",
    "https://deno.land/std@0.190.0/async/mod.ts": "f04344fa21738e5ad6bea37a6bfffd57c617c2d372bb9f9dcfd118a1b622e576",
    "https://deno.land/std@0.190.0/async/mux_async_iterator.ts": "70c7f2ee4e9466161350473ad61cac0b9f115cff4c552eaa7ef9d50c4cbb4cc9",
    "https://deno.land/std@0.190.0/async/pool.ts": "f1b8d3df4d7fd3c73f8cbc91cc2e8b8e950910f1eab94230b443944d7584c657",
    "https://deno.land/std@0.190.0/async/retry.ts": "c9248325ec08cc2cceb7618472e77589a51a25cee460e07b6096be34966c2ead",
    "https://deno.land/std@0.190.0/async/tee.ts": "47e42d35f622650b02234d43803d0383a89eb4387e1b83b5a40106d18ae36757",
    "https://deno.land/std@0.190.0/crypto/to_hash_string.ts": "6927c768f3e373a1be4a31555a45ccecf7bd413105455cc334ad3f908cfa986f",
    "https://deno.land/std@0.190.0/encoding/base64.ts": "144ae6234c1fbe5b68666c711dc15b1e9ee2aef6d42b3b4345bf9a6c91d70d0d",
    "https://deno.land/std@0.190.0/encoding/hex.ts": "b4b1a7cb678745b0bf181ed8cf2498c7be00d121a7de244b752fbf9c7d9c48cd",
    "https://deno.land/std@0.190.0/fs/_util.ts": "579038bebc3bd35c43a6a7766f7d91fbacdf44bc03468e9d3134297bb99ed4f9",
    "https://deno.land/std@0.190.0/fs/walk.ts": "920be35a7376db6c0b5b1caf1486fb962925e38c9825f90367f8f26b5e5d0897",
    "https://deno.land/std@0.190.0/http/http_status.ts": "8a7bcfe3ac025199ad804075385e57f63d055b2aed539d943ccc277616d6f932",
    "https://deno.land/std@0.190.0/http/server.ts": "1b23463b5b36e4eebc495417f6af47a6f7d52e3294827a1226d2a1aab23d9d20",
    "https://deno.land/std@0.190.0/json/common.ts": "ecd5e87d45b5f0df33238ed8b1746e1444da7f5c86ae53d0f0b04280f41a25bb",
    "https://deno.land/std@0.190.0/jsonc/mod.ts": "b88dce28eb3645667caa856538ae2fe87af51410822544a0b45a4177ef3bd7dd",
    "https://deno.land/std@0.190.0/jsonc/parse.ts": "2910e33bc7c3b243e3b6f3a39ce4d6ca84337b277a8df6f2ad2d9e4adbcddc08",
    "https://deno.land/std@0.190.0/media_types/_db.ts": "7606d83e31f23ce1a7968cbaee852810c2cf477903a095696cdc62eaab7ce570",
    "https://deno.land/std@0.190.0/media_types/_util.ts": "916efbd30b6148a716f110e67a4db29d6949bf4048997b754415dd7e42c52378",
    "https://deno.land/std@0.190.0/media_types/content_type.ts": "ad98a5aa2d95f5965b2796072284258710a25e520952376ed432b0937ce743bc",
    "https://deno.land/std@0.190.0/media_types/extension.ts": "a7cd28c9417143387cdfed27d4e8607ebcf5b1ec27eb8473d5b000144689fe65",
    "https://deno.land/std@0.190.0/media_types/extensions_by_type.ts": "43806d6a52a0d6d965ada9d20e60a982feb40bc7a82268178d94edb764694fed",
    "https://deno.land/std@0.190.0/media_types/format_media_type.ts": "f5e1073c05526a6f5a516ac5c5587a1abd043bf1039c71cde1166aa4328c8baf",
    "https://deno.land/std@0.190.0/media_types/get_charset.ts": "18b88274796fda5d353806bf409eb1d2ddb3f004eb4bd311662c4cdd8ac173db",
    "https://deno.land/std@0.190.0/media_types/mod.ts": "d3f0b99f85053bc0b98ecc24eaa3546dfa09b856dc0bbaf60d8956d2cdd710c8",
    "https://deno.land/std@0.190.0/media_types/parse_media_type.ts": "835c4112e1357e95b4f10d7cdea5ae1801967e444f48673ff8f1cb4d32af9920",
    "https://deno.land/std@0.190.0/media_types/type_by_extension.ts": "daa801eb0f11cdf199445d0f1b656cf116d47dcf9e5b85cc1e6b4469f5ee0432",
    "https://deno.land/std@0.190.0/media_types/vendor/mime-db.v1.52.0.ts": "6925bbcae81ca37241e3f55908d0505724358cda3384eaea707773b2c7e99586",
    "https://deno.land/std@0.190.0/path/_constants.ts": "e49961f6f4f48039c0dfed3c3f93e963ca3d92791c9d478ac5b43183413136e0",
    "https://deno.land/std@0.190.0/path/_interface.ts": "6471159dfbbc357e03882c2266d21ef9afdb1e4aa771b0545e90db58a0ba314b",
    "https://deno.land/std@0.190.0/path/_util.ts": "d7abb1e0dea065f427b89156e28cdeb32b045870acdf865833ba808a73b576d0",
    "https://deno.land/std@0.190.0/path/common.ts": "ee7505ab01fd22de3963b64e46cff31f40de34f9f8de1fff6a1bd2fe79380000",
    "https://deno.land/std@0.190.0/path/glob.ts": "d479e0a695621c94d3fd7fe7abd4f9499caf32a8de13f25073451c6ef420a4e1",
    "https://deno.land/std@0.190.0/path/mod.ts": "ee161baec5ded6510ee1d1fb6a75a0f5e4b41f3f3301c92c716ecbdf7dae910d",
    "https://deno.land/std@0.190.0/path/posix.ts": "8b7c67ac338714b30c816079303d0285dd24af6b284f7ad63da5b27372a2c94d",
    "https://deno.land/std@0.190.0/path/separator.ts": "0fb679739d0d1d7bf45b68dacfb4ec7563597a902edbaf3c59b50d5bcadd93b1",
    "https://deno.land/std@0.190.0/path/win32.ts": "d186344e5583bcbf8b18af416d13d82b35a317116e6460a5a3953508c3de5bba",
    "https://deno.land/std@0.190.0/regexp/escape.ts": "f5955d785245f6910c262ea2f0a284d2be7a76c54929c3f15f4df8d2a623f1d5",
    "https://deno.land/std@0.193.0/testing/_test_suite.ts": "30f018feeb3835f12ab198d8a518f9089b1bcb2e8c838a8b615ab10d5005465c",
    "https://deno.land/std@0.193.0/testing/bdd.ts": "0c760348442712ca3ae6102dbb3aa76b49a95ee08fee86c8a0932de53a00e308",
    "https://deno.land/x/denoflate@1.2.1/mod.ts": "f5628e44b80b3d80ed525afa2ba0f12408e3849db817d47a883b801f9ce69dd6",
    "https://deno.land/x/denoflate@1.2.1/pkg/denoflate.js": "b9f9ad9457d3f12f28b1fb35c555f57443427f74decb403113d67364e4f2caf4",
    "https://deno.land/x/denoflate@1.2.1/pkg/denoflate_bg.wasm.js": "d581956245407a2115a3d7e8d85a9641c032940a8e810acbd59ca86afd34d44d",
    "https://deno.land/x/esbuild@v0.17.11/mod.d.ts": "dc279a3a46f084484453e617c0cabcd5b8bd1920c0e562e4ea02dfc828c8f968",
    "https://deno.land/x/esbuild@v0.17.11/mod.js": "4f4e61964a551d9c0baf5bb19e973cf631cf8c66ddaf01e70070f8a100fc938c",
    "https://deno.land/x/esbuild@v0.17.11/wasm.d.ts": "dc279a3a46f084484453e617c0cabcd5b8bd1920c0e562e4ea02dfc828c8f968",
    "https://deno.land/x/esbuild@v0.17.11/wasm.js": "4030e7b50941ec6e06704c6b5f1f6416cc0f7f35f63daf63f184b728bea79a30",
    "https://deno.land/x/esbuild@v0.17.18/mod.d.ts": "dc279a3a46f084484453e617c0cabcd5b8bd1920c0e562e4ea02dfc828c8f968",
    "https://deno.land/x/esbuild_deno_loader@0.7.0/deps.ts": "1c312cea080df5e550f6adc00d97f42ac9b6f514988a8e07e839c68a4634f296",
    "https://deno.land/x/esbuild_deno_loader@0.7.0/mod.ts": "ebf6726cf3bb9d1a992bddb99a9acb628d376cad4a1c48452345366fdc53e60c",
    "https://deno.land/x/esbuild_deno_loader@0.7.0/src/deno.ts": "88bc896666e5290ce31d7fe98a7c1b67e9c68f8b8bcdf89ad4a983bbd841a458",
    "https://deno.land/x/esbuild_deno_loader@0.7.0/src/loader_native.ts": "495f73abe07bc07738396536e494e1e63d09b01cb38e9b5e34fbdda6da662ba8",
    "https://deno.land/x/esbuild_deno_loader@0.7.0/src/loader_portable.ts": "036c1ff6300e3a78f6e6355bde92eb28c6f3b84439d0969262022283f0f40559",
    "https://deno.land/x/esbuild_deno_loader@0.7.0/src/plugin_deno_loader.ts": "fe9c4f231cec7ad759c7f4b5e2e15205fc2e245b6c8bfd6a12dec6df30648b55",
    "https://deno.land/x/esbuild_deno_loader@0.7.0/src/plugin_deno_resolver.ts": "bfa1a38d4edd6a75b363fee2163039a8525eaba37c76955070069186c7a2cddb",
    "https://deno.land/x/esbuild_deno_loader@0.7.0/src/shared.ts": "7233a824b8357836bfa62975f78ab602442a0d880411c32ead8859035abd9d63",
    "https://deno.land/x/fresh@1.2.0/runtime.ts": "b02ec1e2e32cf73a33d262b7c9dcab9468ce16cd89fd424196c71003698a4ab0",
    "https://deno.land/x/fresh@1.2.0/src/runtime/build_id.ts": "8376e70e42ce456dfa6932c638409d2ef1bca4833b4ceba0bf74510080a7f976",
    "https://deno.land/x/fresh@1.2.0/src/runtime/csp.ts": "9ee900e9b0b786057b1009da5976298c202d1b86d1f1e4d2510bde5f06530ac9",
    "https://deno.land/x/fresh@1.2.0/src/runtime/head.ts": "0f9932874497ab6e57ed1ba01d549e843523df4a5d36ef97460e7a43e3132fdc",
    "https://deno.land/x/fresh@1.2.0/src/runtime/utils.ts": "b973efbd84e1cd61eb52cf0e7234c4074a2e7d03da1f579a49eae9925cf59298",
    "https://deno.land/x/fresh@1.2.0/src/server/build_id.ts": "e7448a3e4c040d906aeaa5dedf6657d67742199bbf4741c55d11410c100cbcef",
    "https://deno.land/x/fresh@1.2.0/src/server/deps.ts": "74f60fcb3c67a09be63014ec98c3fe415af7aa4ccbad4391fe282847b021ef52",
    "https://deno.land/x/importmap@0.2.1/_util.ts": "ada9a9618b537e6c0316c048a898352396c882b9f2de38aba18fd3f2950ede89",
    "https://deno.land/x/importmap@0.2.1/mod.ts": "ae3d1cd7eabd18c01a4960d57db471126b020f23b37ef14e1359bbb949227ade",
    "https://esm.sh/*preact-render-to-string@6.1.0": "f1d242bbcf8ba5cee68db9a98ded96592a318eaef49713fc0c339901da7d96e5",
    "https://esm.sh/linkedom@0.14.14": "1ccbe764ff7cfafd533c664d8a4abc5fc7f8f4aff4a2b8f7450ae78df6d222d7",
    "https://esm.sh/preact@10.15.1": "2b79349676a4942fbcf835c4efa909791c2f0aeca195225bf22bac9866e94b4e",
    "https://esm.sh/preact@10.15.1/hooks": "185148362b77acad3fec1be815c42505a68c0a9b159948ed056a8612a0d4eb3b",
    "https://esm.sh/preact@10.15.1/jsx-runtime": "2c75711d88680b0cae95d2c34786ac585c48edd44f8262afaa2954a383725a41",
    "https://esm.sh/stable/preact@10.15.1/denonext/hooks.js": "5c989ad368cf4f2cb3a5d7d1801843d9348c599fe3e7731d04728f7b845d724e",
    "https://esm.sh/stable/preact@10.15.1/denonext/jsx-runtime.js": "52806054f5b3477005ab4bdc17de3d219ccc6c130d0cd803c45667b0cac2f6ed",
    "https://esm.sh/stable/preact@10.15.1/denonext/preact.mjs": "30710ac1d5ff3711ae0c04eddbeb706f34f82d97489f61aaf09897bc75d2a628",
    "https://esm.sh/v128/boolbase@1.0.0/denonext/boolbase.mjs": "4e3bd67e9b1c5c55094eae98345d0107c6a44ef57bd3d4b9579698fa44722280",
    "https://esm.sh/v128/canvas@2.11.2/denonext/canvas.mjs": "4245b1d01d91b5e807b85e40e98efe28c93634260bd8cb5ac0da71c42098a1a4",
    "https://esm.sh/v128/css-select@5.1.0/denonext/css-select.mjs": "f9cde3e1fffe05f802048f4eab925c68c06e38cda8f07134cf0ac02533cbd83e",
    "https://esm.sh/v128/css-what@6.1.0/denonext/css-what.mjs": "283d02df6fef73d3223b55324b559b363dd0e4c008ea1efbcf9f14b8f2642202",
    "https://esm.sh/v128/cssom@0.5.0/denonext/cssom.mjs": "c4216df78cba2c7be94853258b6b28c681e60ff89d4aeb3149b0ac91302be428",
    "https://esm.sh/v128/dom-serializer@2.0.0/denonext/dom-serializer.mjs": "a0a5f0668f2f02488cb774b4721e7499c71a6168158d0204542011e028c62ee1",
    "https://esm.sh/v128/domelementtype@2.3.0/denonext/domelementtype.mjs": "371936c356d5ac797f2ce3a66b98dfc73e6fff0e095b2858b85668e6ad7d10e0",
    "https://esm.sh/v128/domhandler@5.0.3/denonext/domhandler.mjs": "68268d4ddeb3aa213d41ab251322d7a6e860e8a80ac29c0bcd0ba21347cb782a",
    "https://esm.sh/v128/domutils@3.1.0/denonext/domutils.mjs": "5211b8ea931e7294470f14e5927882cce16ce29d545ff5ae206265a440dca2f3",
    "https://esm.sh/v128/entities@4.5.0/denonext/entities.mjs": "1b6ddb012192f0330d697ea1c9dc97277375849ef91afcfa620830c538a04f1a",
    "https://esm.sh/v128/entities@4.5.0/denonext/lib/decode.js": "7fea6d8bd725edbbf7ea05031d2ea1bbbc1166dc11e3345d541198dd2dc16f1e",
    "https://esm.sh/v128/entities@4.5.0/denonext/lib/escape.js": "7ebdc622bf3618bab25db40da4a49e2b9d03f044745f125f0bc3359f2d060def",
    "https://esm.sh/v128/htmlparser2@8.0.2/denonext/htmlparser2.mjs": "7ca40cebe8898e1314e4151c2c4fd8ce3bf14b093ba36ec2ba942977746464e0",
    "https://esm.sh/v128/linkedom@0.14.14/denonext/linkedom.mjs": "97d4ed21ec6b98128c59b1ded9eadc2b57973854ca0496c4f1a645fa0fc4b38a",
    "https://esm.sh/v128/linkedom@0.14.14/types/esm/dom/parser.d.ts": "c60ecc623dd93910a50668a20b55f1d9ad5caa23af936a7f59a478e23467492e",
    "https://esm.sh/v128/linkedom@0.14.14/types/esm/html/anchor-element.d.ts": "8bcaf1ecf73af8bacb5cb382a1b75c1641175ba740d9d97c4d1d7c85e392d548",
    "https://esm.sh/v128/linkedom@0.14.14/types/esm/html/area-element.d.ts": "4765fbd1d58f74eea1cbf9da977cf0ec6ac4794fe749e6ac5ba42835bf38fb5e",
    "https://esm.sh/v128/linkedom@0.14.14/types/esm/html/audio-element.d.ts": "70f90797244ac0d7f1d7217a4cf5d084ce9c5a452778fe6bfbfc13f385735871",
    "https://esm.sh/v128/linkedom@0.14.14/types/esm/html/base-element.d.ts": "ed768f82ae3bf6c4c5f1df97f011ebf77524799fed2e533e50f8b7276e183ffa",
    "https://esm.sh/v128/linkedom@0.14.14/types/esm/html/body-element.d.ts": "5e9c88404224db99e0360df2928c73a1f89a92a10d6702bdd8575192055d20c6",
    "https://esm.sh/v128/linkedom@0.14.14/types/esm/html/br-element.d.ts": "321ac70ae41868699160733c1e0c04fec51eb906ee6d4c9a9ef94df637ee83f3",
    "https://esm.sh/v128/linkedom@0.14.14/types/esm/html/button-element.d.ts": "89487823edff51acb77bf8c0ae8bccd8d0573c509804affc49d3caa322903998",
    "https://esm.sh/v128/linkedom@0.14.14/types/esm/html/canvas-element.d.ts": "6d4ae26166480992fc5ab74dab48f639cb5268c76d8997bc754df5b1f2ad3ce5",
    "https://esm.sh/v128/linkedom@0.14.14/types/esm/html/d-list-element.d.ts": "a7a2e26ced2012dbdfcdeec871b4d82bf1efa9999ee82bc926536ee45d80a1c6",
    "https://esm.sh/v128/linkedom@0.14.14/types/esm/html/data-element.d.ts": "12f3a09d7a498cf55a1a4cec066f70d1a93436b35b88514a5c7ab0ad770341e9",
    "https://esm.sh/v128/linkedom@0.14.14/types/esm/html/data-list-element.d.ts": "a7395992018e0c10f3d543a80eb67c37112e051e00dd5907d6d9c391141da805",
    "https://esm.sh/v128/linkedom@0.14.14/types/esm/html/details-element.d.ts": "6286d6da09f2dacac76dc6f8e4041756ab4b3505d621db36f5e2bac042d7e25d",
    "https://esm.sh/v128/linkedom@0.14.14/types/esm/html/directory-element.d.ts": "0a518d3d8cf7f11f1dd310e9e8f200f7042dd97aa852bc71af693cf4fa573f36",
    "https://esm.sh/v128/linkedom@0.14.14/types/esm/html/div-element.d.ts": "118d866590eb246b40615b1cc8074c66e4d7c412153db798c55f9c0a4f51636e",
    "https://esm.sh/v128/linkedom@0.14.14/types/esm/html/document.d.ts": "fc6fe89143f5950527dc99f9280a614c9ecd735f43fa01a20050a5c0cc5c6bff",
    "https://esm.sh/v128/linkedom@0.14.14/types/esm/html/element.d.ts": "e66e87b06a83e45cc84606cdc32ce9876edf92314098b449cc649f989cb1b251",
    "https://esm.sh/v128/linkedom@0.14.14/types/esm/html/embed-element.d.ts": "fc246c0748d16b67147e8c753a9b9fab44d4205ed1b49dce99d05cef2b590b12",
    "https://esm.sh/v128/linkedom@0.14.14/types/esm/html/field-set-element.d.ts": "28e314a5030ae5fe19cf4347400c852eba85b95c0127bbe84ed71dbb9cee0328",
    "https://esm.sh/v128/linkedom@0.14.14/types/esm/html/font-element.d.ts": "abdfc7c7470c0bd9fb126d20be30e0ef151814519f708545ea412fee4f6e3296",
    "https://esm.sh/v128/linkedom@0.14.14/types/esm/html/form-element.d.ts": "18ae8498ff895f67df10604361664c4d0a67a40db81a32b048a9ae62ec1b62b9",
    "https://esm.sh/v128/linkedom@0.14.14/types/esm/html/frame-element.d.ts": "c88c7e73b2964143160ec23b3af1b29850417e3a2ef0f01bdef721c59c50029c",
    "https://esm.sh/v128/linkedom@0.14.14/types/esm/html/frame-set-element.d.ts": "7eb75209ba210df7e94c8a9c9d36f5471b298cf2793208a2d73e8b43dbd91657",
    "https://esm.sh/v128/linkedom@0.14.14/types/esm/html/head-element.d.ts": "625bf945dc118e6f0fd12333229b0b1e29a8b9b691f69bd9c0c9dbd518f81c4d",
    "https://esm.sh/v128/linkedom@0.14.14/types/esm/html/heading-element.d.ts": "4ad75e197c314290cd046d98d9ad47c893d0d397061e064329eec9f84a7de433",
    "https://esm.sh/v128/linkedom@0.14.14/types/esm/html/hr-element.d.ts": "54c27af4acdbaa3f38530a133fc5ec0c83815d0ff113c8d63d8a3deb090d59af",
    "https://esm.sh/v128/linkedom@0.14.14/types/esm/html/html-element.d.ts": "dce00833bff283a3e87881732f8b695cb7482f653f94b89244bc2ce7c5961f05",
    "https://esm.sh/v128/linkedom@0.14.14/types/esm/html/i-frame-element.d.ts": "1bf5e3f36bb2722f490b59fbe8cae942fd98ec40a26308f2161c0bc6840c0ad1",
    "https://esm.sh/v128/linkedom@0.14.14/types/esm/html/image-element.d.ts": "ad0cdfff322512a09c24112d28b89f0e665185888ca3e7656503a6993eb80fd7",
    "https://esm.sh/v128/linkedom@0.14.14/types/esm/html/input-element.d.ts": "8bcaa496af61210a17afead57202877d85a02b8bd49a6d599c523554abec1857",
    "https://esm.sh/v128/linkedom@0.14.14/types/esm/html/label-element.d.ts": "5aa7ccd180c2c82bc7e91de763fa72045519cd3a6ce2fce2d2ac52c7614fdc37",
    "https://esm.sh/v128/linkedom@0.14.14/types/esm/html/legend-element.d.ts": "08961496114ecdb2b6ce94ba2a3ad6fe52347ef0259b71a51fadafb5071f4559",
    "https://esm.sh/v128/linkedom@0.14.14/types/esm/html/li-element.d.ts": "dbed42b386b14b5ad080fdeed5c8d52c863cf0ae79fd16dab12942570c869720",
    "https://esm.sh/v128/linkedom@0.14.14/types/esm/html/link-element.d.ts": "3d1128f1bd85f6a2ab609c9a4a54caf8da9b7bddd4da2e5d0a7a03915ac61078",
    "https://esm.sh/v128/linkedom@0.14.14/types/esm/html/map-element.d.ts": "ee8a122664f5e7937855242611e1d6f3aec6a12aa7776db16bfcf33471c1019d",
    "https://esm.sh/v128/linkedom@0.14.14/types/esm/html/marquee-element.d.ts": "2c514bf878714c18802c21a62a0f1a47eb934d7a0e084ab5a9fd1f368c7ca77e",
    "https://esm.sh/v128/linkedom@0.14.14/types/esm/html/media-element.d.ts": "692752290db080fd3fd61a484c723e27fa12e09cec860226c33f15f5dfd6eade",
    "https://esm.sh/v128/linkedom@0.14.14/types/esm/html/menu-element.d.ts": "938097501f10421adf13a58599dd45b2b85e859d204e69930148475f7f271261",
    "https://esm.sh/v128/linkedom@0.14.14/types/esm/html/meta-element.d.ts": "1a8700cdd03e1a07673b58f857b19abcdfeb42f713dfba428610279aa9065d88",
    "https://esm.sh/v128/linkedom@0.14.14/types/esm/html/meter-element.d.ts": "6b60ff238d9a07e1caa5ba3f672dcfa9dd223880b885791ba027671f895507c7",
    "https://esm.sh/v128/linkedom@0.14.14/types/esm/html/mod-element.d.ts": "a90121eb8c57de494645ae6e3157e56b89c6a591056c1ec86f4f8a71e45c417a",
    "https://esm.sh/v128/linkedom@0.14.14/types/esm/html/o-list-element.d.ts": "daa7c3a48cf33711ee9c8c865472234940d8c39fc2155e155810a27f30e3f72f",
    "https://esm.sh/v128/linkedom@0.14.14/types/esm/html/object-element.d.ts": "04c5591672ad18e8ed193b0910806cf44bba02acb7fc2fee5248c88bad31413a",
    "https://esm.sh/v128/linkedom@0.14.14/types/esm/html/opt-group-element.d.ts": "81862f0a756fdef5e4226bfa0e44a692aa0aa1c8356269c8922aeb39be0313b7",
    "https://esm.sh/v128/linkedom@0.14.14/types/esm/html/option-element.d.ts": "9fcd93910a7c4c045b2c1e57e7ff4f4fa83967781d6e134a33ae6916a898244e",
    "https://esm.sh/v128/linkedom@0.14.14/types/esm/html/output-element.d.ts": "afd533d5daeaa340896f9c86e73d7e09fa3713fe0cb18b735884edb86ac69c0a",
    "https://esm.sh/v128/linkedom@0.14.14/types/esm/html/paragraph-element.d.ts": "7960c75a2dd967b9ea64b86aebd8f8a462f396e5a770e9edadae10d7abbcd9c3",
    "https://esm.sh/v128/linkedom@0.14.14/types/esm/html/param-element.d.ts": "759f3e84e3754b60f13bedbaf8ce46babed258c3db83962f7d6baadceb6596b7",
    "https://esm.sh/v128/linkedom@0.14.14/types/esm/html/picture-element.d.ts": "d1f62e149cf25d0780bb461061c0f5cba1de4cdc33a7230fb098a546481345d6",
    "https://esm.sh/v128/linkedom@0.14.14/types/esm/html/pre-element.d.ts": "c2158d28051ff2aa37fd6afebbe4c924c3850558ff3781de102ff9cfca863836",
    "https://esm.sh/v128/linkedom@0.14.14/types/esm/html/progress-element.d.ts": "5d0489c331e2d7c0c0d1b0d5f2af97e31e2057541f8064b2ea52e54d69f4d8fa",
    "https://esm.sh/v128/linkedom@0.14.14/types/esm/html/quote-element.d.ts": "632a4b97dba3c766b772b484a8911aa8b07476d4c42be775b9ed35575fe3e4b1",
    "https://esm.sh/v128/linkedom@0.14.14/types/esm/html/script-element.d.ts": "33daccf0d6628606b374d49386e57db60ebb7cb12830a5e57a37fb756cb443bd",
    "https://esm.sh/v128/linkedom@0.14.14/types/esm/html/select-element.d.ts": "6174d8200a4832dcede01bb4800db551b5e0c722f7dd26839de07459413e38ea",
    "https://esm.sh/v128/linkedom@0.14.14/types/esm/html/slot-element.d.ts": "f999de45d259f653704bfd15658657ebe490580f91ac186c384a9b5c552d51bd",
    "https://esm.sh/v128/linkedom@0.14.14/types/esm/html/source-element.d.ts": "86c50009cce58291eb3d31db5f5f1ffd1cf97fd492339e698e8310f7b047695c",
    "https://esm.sh/v128/linkedom@0.14.14/types/esm/html/span-element.d.ts": "bff95167f92ba81a026c00f24ad1201a4189b5ac3c18fdaf77f756e870f26b43",
    "https://esm.sh/v128/linkedom@0.14.14/types/esm/html/style-element.d.ts": "d8c64b600cb250bd526e27dc836b1cabb7c51ed5aca763b229962db625486203",
    "https://esm.sh/v128/linkedom@0.14.14/types/esm/html/table-caption-element.d.ts": "6f263985ce6576dbebbe14e158438681a8aae1137a5db2a6916b0d69400fa010",
    "https://esm.sh/v128/linkedom@0.14.14/types/esm/html/table-cell-element.d.ts": "713525429c03310678949df4b38e32af3d5b3dd82663e4ee19b611b235ad9c28",
    "https://esm.sh/v128/linkedom@0.14.14/types/esm/html/table-element.d.ts": "551cd35d7365e942d2e0cb9e079f8e7721d425e9b804b980a2d2c3585db3f8ec",
    "https://esm.sh/v128/linkedom@0.14.14/types/esm/html/table-row-element.d.ts": "a8ce834d27f9fb61dfc67f03fb904be8bd9e28264b7370984c775f2f387b3733",
    "https://esm.sh/v128/linkedom@0.14.14/types/esm/html/template-element.d.ts": "72f70880b9969dd95caafeedb41f4bc81eed973225eeee246d5443b0d0a47d6c",
    "https://esm.sh/v128/linkedom@0.14.14/types/esm/html/text-area-element.d.ts": "e39590b80494126fbc210e824e72c4017db141803c040d852d7e4d516e9a8524",
    "https://esm.sh/v128/linkedom@0.14.14/types/esm/html/text-element.d.ts": "e63bdaf90cb0e0e6aadd561138c10b5af0b439731c30bee08b8aedac8f6e128d",
    "https://esm.sh/v128/linkedom@0.14.14/types/esm/html/time-element.d.ts": "d48e2ae898d80d511df518542eb8b0338de692ce0337e650a10db24340c43be4",
    "https://esm.sh/v128/linkedom@0.14.14/types/esm/html/title-element.d.ts": "e81579998e8268a3653cdf2dc90dccdd572bfcb5644e5f1a32bb1aa107db853c",
    "https://esm.sh/v128/linkedom@0.14.14/types/esm/html/track-element.d.ts": "63fba63c9504f130734bfba63ab3ff54e51b45234d2283367b854cdc82ad45e2",
    "https://esm.sh/v128/linkedom@0.14.14/types/esm/html/u-list-element.d.ts": "bd62f62d2463032396e3f1419a8b5ddfb220fadcddedf7129f87fc2f7ef86e73",
    "https://esm.sh/v128/linkedom@0.14.14/types/esm/html/unknown-element.d.ts": "0c41fb108a65b6342e96d7c99fea70a22c5fbc6c7ddbf4bb030a565fd8d87ad8",
    "https://esm.sh/v128/linkedom@0.14.14/types/esm/html/video-element.d.ts": "ba3ee0bc838d5f3e73f046ecf6c283429c54119b291d23ef8680628b377895fa",
    "https://esm.sh/v128/linkedom@0.14.14/types/esm/index.d.ts": "58d4397286fc0a6f5d8c3d6578856ef224be4e2a20454a010cfdb51715b4f3cd",
    "https://esm.sh/v128/linkedom@0.14.14/types/esm/interface/attr.d.ts": "e482a921ee1d52a58d0a6a38b0ae809d56f0337c0af00dead493a1dbedf0b84b",
    "https://esm.sh/v128/linkedom@0.14.14/types/esm/interface/character-data.d.ts": "ca4fa979cbda03fb04c3750e622e25f1de9f6105c6f5edbe605d613f38d55a7d",
    "https://esm.sh/v128/linkedom@0.14.14/types/esm/interface/comment.d.ts": "41e605477ec2351afd251bebc0f6fe4d70626d02b0bcbee14155fbae406896ef",
    "https://esm.sh/v128/linkedom@0.14.14/types/esm/interface/custom-event.d.ts": "602e060b6aa63bf2d372e754e39108a040c5d4031442f1e614e0d75ed99c311e",
    "https://esm.sh/v128/linkedom@0.14.14/types/esm/interface/document-fragment.d.ts": "d12fc6d3ddb81992d887421afb0eb8b2733a54242861e617f71020a8282349d2",
    "https://esm.sh/v128/linkedom@0.14.14/types/esm/interface/document-type.d.ts": "ba234f9e4fe4cf16982a99e2f4ac94403b7c08056c20b741fb30acfdcc6c4936",
    "https://esm.sh/v128/linkedom@0.14.14/types/esm/interface/document.d.ts": "7c97ad5c03ee08a8d30f38ab5f62cf5c4ee8cd5bb6b92736dcc7aa76c1b744ab",
    "https://esm.sh/v128/linkedom@0.14.14/types/esm/interface/element.d.ts": "37defcced20532b3c232a6c7998b2d46b143652266210bbb2b7571442786d15f",
    "https://esm.sh/v128/linkedom@0.14.14/types/esm/interface/event-target.d.ts": "9e62fe82312dbc8a6b9d19646b0c725e9261d04368f3ea79466dc6a3aee5631c",
    "https://esm.sh/v128/linkedom@0.14.14/types/esm/interface/event.d.ts": "d3fcbd9d89fe1774e5f5fee11b6bf9d3ec5da6b1aede32777f8cc6dc4b91c4b7",
    "https://esm.sh/v128/linkedom@0.14.14/types/esm/interface/input-event.d.ts": "35d488c8642c7411a344cf987efe3bd4db8f3c03796366e21d5bbc2a0f9732f3",
    "https://esm.sh/v128/linkedom@0.14.14/types/esm/interface/node-filter.d.ts": "2bd69d15b31d736ae79b7eaf1ef7c3afafbfc06b133834ff7bcc32392e6532ca",
    "https://esm.sh/v128/linkedom@0.14.14/types/esm/interface/node-list.d.ts": "f863a5b544f2d8d87aeaa3ec7afa3b02e212f5dfc066aebf41baba35696a6ea1",
    "https://esm.sh/v128/linkedom@0.14.14/types/esm/interface/node.d.ts": "3ad81885b5715bdfea5e891a9eb3b2ec41e35b945dcffed14d9d44ce91e1119e",
    "https://esm.sh/v128/linkedom@0.14.14/types/esm/interface/range.d.ts": "c8a3032c9efbb99774c822b9eb6c070f5c6be3accd34bba638213d5235ad3f9d",
    "https://esm.sh/v128/linkedom@0.14.14/types/esm/interface/shadow-root.d.ts": "96529a699f5f89854afd85d7459b35d74fa11518d0ca22cb5d32e302319fb5d3",
    "https://esm.sh/v128/linkedom@0.14.14/types/esm/interface/text.d.ts": "11683771207a5278618f0c35b426032a928e3bf1ce0537e394ec280a84a33785",
    "https://esm.sh/v128/linkedom@0.14.14/types/esm/interface/tree-walker.d.ts": "9c5bcc71b93f1ad7eff8e2bf507be72bb2955a11eab51a207c92cf12c8930ce6",
    "https://esm.sh/v128/linkedom@0.14.14/types/esm/mixin/non-element-parent-node.d.ts": "1d683e9ccbed8b6fbcd13a888edadec24b34637ea2fed0a699d74fff2d292b2e",
    "https://esm.sh/v128/linkedom@0.14.14/types/esm/mixin/parent-node.d.ts": "362df767f8769e15556b98bf28ec28ba2c015bc83920a234adb2c19f82352f9c",
    "https://esm.sh/v128/linkedom@0.14.14/types/esm/shared/constants.d.ts": "8bea98798af7f562283dccbeb08d54c8f2189cccd39e14780a5fda38186562c3",
    "https://esm.sh/v128/linkedom@0.14.14/types/esm/shared/facades.d.ts": "778b38f730bbe14613ba523dc27acaf9f7e9e2c2b3ce55f8aefc0d9feec7530a",
    "https://esm.sh/v128/linkedom@0.14.14/types/esm/shared/html-classes.d.ts": "ce71e0198a0e2604d3970a78d96a5335f48ec02ed9bebed4bde35ae1647110c2",
    "https://esm.sh/v128/linkedom@0.14.14/types/esm/shared/parse-json.d.ts": "05795e5530dbb90eed84938242a49d94588e6b4cedad1396f6867ebba1de3671",
    "https://esm.sh/v128/linkedom@0.14.14/types/esm/shared/symbols.d.ts": "0c2d4f2518cfea21985c2640c8d9d465746481bb9cfbabfcd75e5f7fbeab3a64",
    "https://esm.sh/v128/linkedom@0.14.14/types/esm/svg/document.d.ts": "f2600431b63e35ed333bc824816f43a5b037407e79d1f031004f8bea892eea41",
    "https://esm.sh/v128/linkedom@0.14.14/types/esm/svg/element.d.ts": "c4995ccffb6cfece153fde1ed04abb6ed195e834ea2c5126f15fa7d9b3667030",
    "https://esm.sh/v128/linkedom@0.14.14/types/esm/xml/document.d.ts": "6ba70daf6c217340e7d49cd4789f68563a11d4e4116019454ebc57960a38cc5e",
    "https://esm.sh/v128/nth-check@2.1.1/denonext/nth-check.mjs": "bd11629b6d575b7a13870ad07fbe9ca6a7e01b43fb1672ec15e57da05b1297a0",
    "https://esm.sh/v128/preact-render-to-string@6.1.0/X-ZS8q/denonext/preact-render-to-string.mjs": "8ce71d44f2a197f8fafa24c8d1ac19e0d7fac5a171efae6154f8d754e1ae0ae4",
    "https://esm.sh/v128/preact-render-to-string@6.1.0/X-ZS8q/src/index.d.ts": "b8fafa9f8ae9069eff148da320ed56acd5c3c95112c5e03d4796e15ac76b974c",
    "https://esm.sh/v128/preact@10.15.1/hooks/src/index.d.ts": "933eab6436614f8cd8e9b7c9b8bd54c6f3f14c3f065ba42c8c87a42d93de6595",
    "https://esm.sh/v128/preact@10.15.1/jsx-runtime/src/index.d.ts": "e153460ed2b3fe2ad8b93696ecd48fbf73cd628b0b0ea6692b71804a3af69dfd",
    "https://esm.sh/v128/preact@10.15.1/src/index.d.ts": "fa83186a4b6caca36d52ca2d49b481c3ca5460988d4a8388d44dadc28987fb27",
    "https://esm.sh/v128/preact@10.15.1/src/jsx.d.ts": "a6e4b7e4af3b959f8cfd41a0f475c547807ebcec8524d9605ab5c6de79f302fa",
    "https://esm.sh/v128/uhyphen@0.1.0/denonext/uhyphen.mjs": "9d42fd99d8f00cc9ce5f857ed6edf62ca2b07199d76d58aaafca61c7b5915338"
  },
  "npm": {
    "specifiers": {
      "@types/node": "@types/node@18.11.18"
    },
    "packages": {
      "@types/node@18.11.18": {
        "integrity": "sha512-DHQpWGjyQKSHj3ebjFI/wRKcqQcdR+MoFBygntYOZytCqNfkd2ZC4ARDJ2DQqhjH5p85Nnd3jhUJIXrszFX/JA==",
        "dependencies": {}
      }
    }
  }
}
